github.com/clipperhouse/uax29/v2 v2.2.0 h1:ChwIKnQN3kcZteTXMgb1wztSgaU+ZemkgWdohwgs8tY=
github.com/clipperhouse/uax29/v2 v2.2.0/go.mod h1:EFJ2TJMRUaplDxHKj1qAEhCtQPW2tJSwu5BF98AuoVM=
github.com/codahale/hdrhistogram v0.9.0 h1:9GjrtRI+mLEFPtTfR/AZhcxp+Ii8NZYWq5104FbZQY0=
github.com/codahale/hdrhistogram v0.9.0/go.mod h1:sE/e/2PUdi/liOCUjSTXgM1o87ZssimdTWN964YiIeI=
github.com/mattn/go-runewidth v0.0.9/go.mod h1:H031xJmbD/WCDINGzjvQ9THkh0rPKHF+m2gUSrubnMI=
github.com/mattn/go-runewidth v0.0.19 h1:v++JhqYnZuu5jSKrk9RbgF5v4CGUjqRfBm05byFGLdw=
github.com/mattn/go-runewidth v0.0.19/go.mod h1:XBkDxAl56ILZc9knddidhrOlY5R/pDhgLpndooCuJAs=
github.com/nsf/termbox-go v1.1.1 h1:nksUPLCb73Q++DwbYUBEglYBRPZyoXJdrj5L+TkjyZY=
github.com/nsf/termbox-go v1.1.1/go.mod h1:T0cTdVuOwf7pHQNtfhnEbzHbcNyCEcVU4YPpouCbVxo=
github.com/uber-common/cpustat v0.0.0-20191203071534-b3265a2cd987 h1:J89YYtfy8nSyGqnwxnHbYskX45W0ns2ENM2mfDCq0zU=
github.com/uber-common/cpustat v0.0.0-20191203071534-b3265a2cd987/go.mod h1:0mK74lEK3Y8VIVVxjoH83WsF+jXESPYx9FlZVhTo9GE=
github.com/uber-common/termui v0.0.0-20160224010800-5eb574feb7a3 h1:YCvRwNFwge16EZe2WuRNQ7BlYq+KhHAEtiSuBe1axN4=
github.com/uber-common/termui v0.0.0-20160224010800-5eb574feb7a3/go.mod h1:pyDHXg5zGuCWjaT5dTEBlFk9mZUne64wUBXwhks2J2w=
